
Microsoft Visual Studio Solution File, Format Version 12.00
# Visual Studio 15
VisualStudioVersion = 15.0.27428.2037
MinimumVisualStudioVersion = 10.0.40219.1
Project("{9A19103F-16F7-4668-BE54-9A1E7A4F7556}") = "ItAintBoring.AzureFunction", "ItAintBoring.AzureFunction\ItAintBoring.AzureFunction.csproj", "{D3B26EB1-DB27-4810-BE12-A03DE3412551}"
EndProject
Project("{FAE04EC0-301F-11D3-BF4B-00C04F79EFBC}") = "ItAintBoring.RegexCustomAction", "ItAintBoring.RegexCustomAction\ItAintBoring.RegexCustomAction.csproj", "{1471895F-16CE-45A9-A744-F63DD15C1F25}"
EndProject
Project("{FAE04EC0-301F-11D3-BF4B-00C04F79EFBC}") = "ItAintBoring.SimpleWebApi", "ItAintBoring.SimpleWebApi\ItAintBoring.SimpleWebApi.csproj", "{689AFAFC-7B04-463A-BF95-F58FF33A8E90}"
EndProject
Global
	GlobalSection(SolutionConfigurationPlatforms) = preSolution
		Debug|Any CPU = Debug|Any CPU
		Release|Any CPU = Release|Any CPU
	EndGlobalSection
	GlobalSection(ProjectConfigurationPlatforms) = postSolution
		{D3B26EB1-DB27-4810-BE12-A03DE3412551}.Debug|Any CPU.ActiveCfg = Debug|Any CPU
		{D3B26EB1-DB27-4810-BE12-A03DE3412551}.Debug|Any CPU.Build.0 = Debug|Any CPU
		{D3B26EB1-DB27-4810-BE12-A03DE3412551}.Release|Any CPU.ActiveCfg = Release|Any CPU
		{D3B26EB1-DB27-4810-BE12-A03DE3412551}.Release|Any CPU.Build.0 = Release|Any CPU
		{1471895F-16CE-45A9-A744-F63DD15C1F25}.Debug|Any CPU.ActiveCfg = Debug|Any CPU
		{1471895F-16CE-45A9-A744-F63DD15C1F25}.Debug|Any CPU.Build.0 = Debug|Any CPU
		{1471895F-16CE-45A9-A744-F63DD15C1F25}.Release|Any CPU.ActiveCfg = Release|Any CPU
		{1471895F-16CE-45A9-A744-F63DD15C1F25}.Release|Any CPU.Build.0 = Release|Any CPU
		{689AFAFC-7B04-463A-BF95-F58FF33A8E90}.Debug|Any CPU.ActiveCfg = Debug|Any CPU
		{689AFAFC-7B04-463A-BF95-F58FF33A8E90}.Debug|Any CPU.Build.0 = Debug|Any CPU
		{689AFAFC-7B04-463A-BF95-F58FF33A8E90}.Release|Any CPU.ActiveCfg = Release|Any CPU
		{689AFAFC-7B04-463A-BF95-F58FF33A8E90}.Release|Any CPU.Build.0 = Release|Any CPU
	EndGlobalSection
	GlobalSection(SolutionProperties) = preSolution
		HideSolutionNode = FALSE
	EndGlobalSection
	GlobalSection(ExtensibilityGlobals) = postSolution
		SolutionGuid = {D80B384F-0A91-4F01-82ED-69CD33766943}
	EndGlobalSection
EndGlobal
